
Microsoft Visual Studio Solution File, Format Version 12.00
# Visual Studio Version 17
VisualStudioVersion = 17.0.31919.166
MinimumVisualStudioVersion = 10.0.40219.1
Project("{FAE04EC0-301F-11D3-BF4B-00C04F79EFBC}") = "EasyTypeParsing", "EasyTypeParsing\EasyTypeParsing.csproj", "{21676AB1-06AB-450A-A775-9F1C122732E4}"
EndProject
Project("{FAE04EC0-301F-11D3-BF4B-00C04F79EFBC}") = "EasyTypeParsing.Tests", "EasyTypeParsing.Tests\EasyTypeParsing.Tests.csproj", "{94D5CFEF-E7CF-49E5-8214-E5704A84EA1F}"
EndProject
Global
	GlobalSection(SolutionConfigurationPlatforms) = preSolution
		Debug|Any CPU = Debug|Any CPU
		Release|Any CPU = Release|Any CPU
	EndGlobalSection
	GlobalSection(ProjectConfigurationPlatforms) = postSolution
		{21676AB1-06AB-450A-A775-9F1C122732E4}.Debug|Any CPU.ActiveCfg = Debug|Any CPU
		{21676AB1-06AB-450A-A775-9F1C122732E4}.Debug|Any CPU.Build.0 = Debug|Any CPU
		{21676AB1-06AB-450A-A775-9F1C122732E4}.Release|Any CPU.ActiveCfg = Release|Any CPU
		{21676AB1-06AB-450A-A775-9F1C122732E4}.Release|Any CPU.Build.0 = Release|Any CPU
		{94D5CFEF-E7CF-49E5-8214-E5704A84EA1F}.Debug|Any CPU.ActiveCfg = Debug|Any CPU
		{94D5CFEF-E7CF-49E5-8214-E5704A84EA1F}.Debug|Any CPU.Build.0 = Debug|Any CPU
		{94D5CFEF-E7CF-49E5-8214-E5704A84EA1F}.Release|Any CPU.ActiveCfg = Release|Any CPU
		{94D5CFEF-E7CF-49E5-8214-E5704A84EA1F}.Release|Any CPU.Build.0 = Release|Any CPU
	EndGlobalSection
	GlobalSection(SolutionProperties) = preSolution
		HideSolutionNode = FALSE
	EndGlobalSection
	GlobalSection(ExtensibilityGlobals) = postSolution
		SolutionGuid = {5034D83E-4B26-48C8-9CEC-DE2262EFF4CE}
	EndGlobalSection
EndGlobal
